
Microsoft Visual Studio Solution File, Format Version 12.00
# Visual Studio 2012
Project("{8BC9CEB8-8B4A-11D0-8D11-00A0C91BC942}") = "Attemp2", "Attemp2.vcxproj", "{37761DDF-DB2E-4BC0-91FA-9E19E0976099}"
EndProject
Global
	GlobalSection(SolutionConfigurationPlatforms) = preSolution
		Debug|Win32 = Debug|Win32
		Release|Win32 = Release|Win32
	EndGlobalSection
	GlobalSection(ProjectConfigurationPlatforms) = postSolution
		{37761DDF-DB2E-4BC0-91FA-9E19E0976099}.Debug|Win32.ActiveCfg = Debug|Win32
		{37761DDF-DB2E-4BC0-91FA-9E19E0976099}.Debug|Win32.Build.0 = Debug|Win32
		{37761DDF-DB2E-4BC0-91FA-9E19E0976099}.Release|Win32.ActiveCfg = Release|Win32
		{37761DDF-DB2E-4BC0-91FA-9E19E0976099}.Release|Win32.Build.0 = Release|Win32
	EndGlobalSection
	GlobalSection(SolutionProperties) = preSolution
		HideSolutionNode = FALSE
	EndGlobalSection
EndGlobal
